
Microsoft Visual Studio Solution File, Format Version 12.00
# Visual Studio Version 17
VisualStudioVersion = 17.5.002.0
MinimumVisualStudioVersion = 10.0.40219.1
Project("{9A19103F-16F7-4668-BE54-9A1E7A4F7556}") = "Homework1", "Homework1\Homework1.csproj", "{3E1FB4AB-CC76-451D-943F-F2811301E6ED}"
EndProject
Project("{9A19103F-16F7-4668-BE54-9A1E7A4F7556}") = "Seminar1", "Seminar1\Seminar1.csproj", "{9B24AB16-A97E-4C52-975B-CEB9A8438C1B}"
EndProject
Project("{9A19103F-16F7-4668-BE54-9A1E7A4F7556}") = "Seminar2", "Seminar2\Seminar2.csproj", "{7D252A91-A8FF-42D2-9FF3-DA875DFCCF98}"
EndProject
Project("{FAE04EC0-301F-11D3-BF4B-00C04F79EFBC}") = "Seminar3", "Seminar3\Seminar3.csproj", "{567AAA9E-101F-4050-8D66-B1E3362EADD8}"
EndProject
Project("{FAE04EC0-301F-11D3-BF4B-00C04F79EFBC}") = "Homework2", "Homework2\Homework2.csproj", "{CD1BA1D4-C4C2-40FF-A025-1F21815A3497}"
EndProject
Project("{FAE04EC0-301F-11D3-BF4B-00C04F79EFBC}") = "Homework3", "Homework3\Homework3.csproj", "{CC9B90B5-7FB0-4DBC-A92B-3E4BD18BD9C0}"
EndProject
Project("{FAE04EC0-301F-11D3-BF4B-00C04F79EFBC}") = "Homework4", "Homework4\Homework4.csproj", "{274F5B4A-81AD-4052-980D-2AC7B50CB28C}"
EndProject
Project("{FAE04EC0-301F-11D3-BF4B-00C04F79EFBC}") = "Seminar5", "Seminar5\Seminar5.csproj", "{2820AEB7-28D2-4B76-A339-55CCAF47CE7C}"
EndProject
Project("{FAE04EC0-301F-11D3-BF4B-00C04F79EFBC}") = "Homework5", "Homework5\Homework5.csproj", "{9CB7B5C2-7C59-40C4-A930-A2BBC2FE7CF7}"
EndProject
Project("{FAE04EC0-301F-11D3-BF4B-00C04F79EFBC}") = "Seminar6", "Seminar6\Seminar6.csproj", "{FF9B959C-D303-4D6B-9BCB-DF44F5BD8AF3}"
EndProject
Project("{FAE04EC0-301F-11D3-BF4B-00C04F79EFBC}") = "Homework6", "Homework6\Homework6.csproj", "{A3D2C2BC-4E9F-454A-8B8D-CEF86D2A0259}"
EndProject
Project("{FAE04EC0-301F-11D3-BF4B-00C04F79EFBC}") = "Seminar7", "Seminar7\Seminar7.csproj", "{6E2BBAAE-6A54-4FBB-A13E-A79D0B7E4D16}"
EndProject
Project("{FAE04EC0-301F-11D3-BF4B-00C04F79EFBC}") = "Homework7", "Homework7\Homework7.csproj", "{6217C75F-9CD9-4376-A80C-CCAE34F54ECF}"
EndProject
Project("{FAE04EC0-301F-11D3-BF4B-00C04F79EFBC}") = "Seminar8", "Seminar8\Seminar8.csproj", "{30C0AEAA-AA16-42C7-B27B-0A3EF97ED009}"
EndProject
Project("{FAE04EC0-301F-11D3-BF4B-00C04F79EFBC}") = "Homework8", "Homework8\Homework8.csproj", "{6E52C750-450C-4BD0-A281-C34ADCC52437}"
EndProject
Project("{FAE04EC0-301F-11D3-BF4B-00C04F79EFBC}") = "Seminar9", "Seminar9\Seminar9.csproj", "{2BA9E4F4-8B5D-4E41-A070-4B3AC36037D7}"
EndProject
Project("{FAE04EC0-301F-11D3-BF4B-00C04F79EFBC}") = "Homework9", "Homework9\Homework9.csproj", "{71A512DE-A372-4CBD-A2CC-FF1D413A3576}"
EndProject
Global
	GlobalSection(SolutionConfigurationPlatforms) = preSolution
		Debug|Any CPU = Debug|Any CPU
		Release|Any CPU = Release|Any CPU
	EndGlobalSection
	GlobalSection(ProjectConfigurationPlatforms) = postSolution
		{3E1FB4AB-CC76-451D-943F-F2811301E6ED}.Debug|Any CPU.ActiveCfg = Debug|Any CPU
		{3E1FB4AB-CC76-451D-943F-F2811301E6ED}.Debug|Any CPU.Build.0 = Debug|Any CPU
		{3E1FB4AB-CC76-451D-943F-F2811301E6ED}.Release|Any CPU.ActiveCfg = Release|Any CPU
		{3E1FB4AB-CC76-451D-943F-F2811301E6ED}.Release|Any CPU.Build.0 = Release|Any CPU
		{9B24AB16-A97E-4C52-975B-CEB9A8438C1B}.Debug|Any CPU.ActiveCfg = Debug|Any CPU
		{9B24AB16-A97E-4C52-975B-CEB9A8438C1B}.Debug|Any CPU.Build.0 = Debug|Any CPU
		{9B24AB16-A97E-4C52-975B-CEB9A8438C1B}.Release|Any CPU.ActiveCfg = Release|Any CPU
		{9B24AB16-A97E-4C52-975B-CEB9A8438C1B}.Release|Any CPU.Build.0 = Release|Any CPU
		{7D252A91-A8FF-42D2-9FF3-DA875DFCCF98}.Debug|Any CPU.ActiveCfg = Debug|Any CPU
		{7D252A91-A8FF-42D2-9FF3-DA875DFCCF98}.Debug|Any CPU.Build.0 = Debug|Any CPU
		{7D252A91-A8FF-42D2-9FF3-DA875DFCCF98}.Release|Any CPU.ActiveCfg = Release|Any CPU
		{7D252A91-A8FF-42D2-9FF3-DA875DFCCF98}.Release|Any CPU.Build.0 = Release|Any CPU
		{567AAA9E-101F-4050-8D66-B1E3362EADD8}.Debug|Any CPU.ActiveCfg = Debug|Any CPU
		{567AAA9E-101F-4050-8D66-B1E3362EADD8}.Debug|Any CPU.Build.0 = Debug|Any CPU
		{567AAA9E-101F-4050-8D66-B1E3362EADD8}.Release|Any CPU.ActiveCfg = Release|Any CPU
		{567AAA9E-101F-4050-8D66-B1E3362EADD8}.Release|Any CPU.Build.0 = Release|Any CPU
		{CD1BA1D4-C4C2-40FF-A025-1F21815A3497}.Debug|Any CPU.ActiveCfg = Debug|Any CPU
		{CD1BA1D4-C4C2-40FF-A025-1F21815A3497}.Debug|Any CPU.Build.0 = Debug|Any CPU
		{CD1BA1D4-C4C2-40FF-A025-1F21815A3497}.Release|Any CPU.ActiveCfg = Release|Any CPU
		{CD1BA1D4-C4C2-40FF-A025-1F21815A3497}.Release|Any CPU.Build.0 = Release|Any CPU
		{CC9B90B5-7FB0-4DBC-A92B-3E4BD18BD9C0}.Debug|Any CPU.ActiveCfg = Debug|Any CPU
		{CC9B90B5-7FB0-4DBC-A92B-3E4BD18BD9C0}.Debug|Any CPU.Build.0 = Debug|Any CPU
		{CC9B90B5-7FB0-4DBC-A92B-3E4BD18BD9C0}.Release|Any CPU.ActiveCfg = Release|Any CPU
		{CC9B90B5-7FB0-4DBC-A92B-3E4BD18BD9C0}.Release|Any CPU.Build.0 = Release|Any CPU
		{274F5B4A-81AD-4052-980D-2AC7B50CB28C}.Debug|Any CPU.ActiveCfg = Debug|Any CPU
		{274F5B4A-81AD-4052-980D-2AC7B50CB28C}.Debug|Any CPU.Build.0 = Debug|Any CPU
		{274F5B4A-81AD-4052-980D-2AC7B50CB28C}.Release|Any CPU.ActiveCfg = Release|Any CPU
		{274F5B4A-81AD-4052-980D-2AC7B50CB28C}.Release|Any CPU.Build.0 = Release|Any CPU
		{2820AEB7-28D2-4B76-A339-55CCAF47CE7C}.Debug|Any CPU.ActiveCfg = Debug|Any CPU
		{2820AEB7-28D2-4B76-A339-55CCAF47CE7C}.Debug|Any CPU.Build.0 = Debug|Any CPU
		{2820AEB7-28D2-4B76-A339-55CCAF47CE7C}.Release|Any CPU.ActiveCfg = Release|Any CPU
		{2820AEB7-28D2-4B76-A339-55CCAF47CE7C}.Release|Any CPU.Build.0 = Release|Any CPU
		{9CB7B5C2-7C59-40C4-A930-A2BBC2FE7CF7}.Debug|Any CPU.ActiveCfg = Debug|Any CPU
		{9CB7B5C2-7C59-40C4-A930-A2BBC2FE7CF7}.Debug|Any CPU.Build.0 = Debug|Any CPU
		{9CB7B5C2-7C59-40C4-A930-A2BBC2FE7CF7}.Release|Any CPU.ActiveCfg = Release|Any CPU
		{9CB7B5C2-7C59-40C4-A930-A2BBC2FE7CF7}.Release|Any CPU.Build.0 = Release|Any CPU
		{FF9B959C-D303-4D6B-9BCB-DF44F5BD8AF3}.Debug|Any CPU.ActiveCfg = Debug|Any CPU
		{FF9B959C-D303-4D6B-9BCB-DF44F5BD8AF3}.Debug|Any CPU.Build.0 = Debug|Any CPU
		{FF9B959C-D303-4D6B-9BCB-DF44F5BD8AF3}.Release|Any CPU.ActiveCfg = Release|Any CPU
		{FF9B959C-D303-4D6B-9BCB-DF44F5BD8AF3}.Release|Any CPU.Build.0 = Release|Any CPU
		{A3D2C2BC-4E9F-454A-8B8D-CEF86D2A0259}.Debug|Any CPU.ActiveCfg = Debug|Any CPU
		{A3D2C2BC-4E9F-454A-8B8D-CEF86D2A0259}.Debug|Any CPU.Build.0 = Debug|Any CPU
		{A3D2C2BC-4E9F-454A-8B8D-CEF86D2A0259}.Release|Any CPU.ActiveCfg = Release|Any CPU
		{A3D2C2BC-4E9F-454A-8B8D-CEF86D2A0259}.Release|Any CPU.Build.0 = Release|Any CPU
		{6E2BBAAE-6A54-4FBB-A13E-A79D0B7E4D16}.Debug|Any CPU.ActiveCfg = Debug|Any CPU
		{6E2BBAAE-6A54-4FBB-A13E-A79D0B7E4D16}.Debug|Any CPU.Build.0 = Debug|Any CPU
		{6E2BBAAE-6A54-4FBB-A13E-A79D0B7E4D16}.Release|Any CPU.ActiveCfg = Release|Any CPU
		{6E2BBAAE-6A54-4FBB-A13E-A79D0B7E4D16}.Release|Any CPU.Build.0 = Release|Any CPU
		{6217C75F-9CD9-4376-A80C-CCAE34F54ECF}.Debug|Any CPU.ActiveCfg = Debug|Any CPU
		{6217C75F-9CD9-4376-A80C-CCAE34F54ECF}.Debug|Any CPU.Build.0 = Debug|Any CPU
		{6217C75F-9CD9-4376-A80C-CCAE34F54ECF}.Release|Any CPU.ActiveCfg = Release|Any CPU
		{6217C75F-9CD9-4376-A80C-CCAE34F54ECF}.Release|Any CPU.Build.0 = Release|Any CPU
		{30C0AEAA-AA16-42C7-B27B-0A3EF97ED009}.Debug|Any CPU.ActiveCfg = Debug|Any CPU
		{30C0AEAA-AA16-42C7-B27B-0A3EF97ED009}.Debug|Any CPU.Build.0 = Debug|Any CPU
		{30C0AEAA-AA16-42C7-B27B-0A3EF97ED009}.Release|Any CPU.ActiveCfg = Release|Any CPU
		{30C0AEAA-AA16-42C7-B27B-0A3EF97ED009}.Release|Any CPU.Build.0 = Release|Any CPU
		{6E52C750-450C-4BD0-A281-C34ADCC52437}.Debug|Any CPU.ActiveCfg = Debug|Any CPU
		{6E52C750-450C-4BD0-A281-C34ADCC52437}.Debug|Any CPU.Build.0 = Debug|Any CPU
		{6E52C750-450C-4BD0-A281-C34ADCC52437}.Release|Any CPU.ActiveCfg = Release|Any CPU
		{6E52C750-450C-4BD0-A281-C34ADCC52437}.Release|Any CPU.Build.0 = Release|Any CPU
		{2BA9E4F4-8B5D-4E41-A070-4B3AC36037D7}.Debug|Any CPU.ActiveCfg = Debug|Any CPU
		{2BA9E4F4-8B5D-4E41-A070-4B3AC36037D7}.Debug|Any CPU.Build.0 = Debug|Any CPU
		{2BA9E4F4-8B5D-4E41-A070-4B3AC36037D7}.Release|Any CPU.ActiveCfg = Release|Any CPU
		{2BA9E4F4-8B5D-4E41-A070-4B3AC36037D7}.Release|Any CPU.Build.0 = Release|Any CPU
		{71A512DE-A372-4CBD-A2CC-FF1D413A3576}.Debug|Any CPU.ActiveCfg = Debug|Any CPU
		{71A512DE-A372-4CBD-A2CC-FF1D413A3576}.Debug|Any CPU.Build.0 = Debug|Any CPU
		{71A512DE-A372-4CBD-A2CC-FF1D413A3576}.Release|Any CPU.ActiveCfg = Release|Any CPU
		{71A512DE-A372-4CBD-A2CC-FF1D413A3576}.Release|Any CPU.Build.0 = Release|Any CPU
	EndGlobalSection
	GlobalSection(SolutionProperties) = preSolution
		HideSolutionNode = FALSE
	EndGlobalSection
	GlobalSection(ExtensibilityGlobals) = postSolution
		SolutionGuid = {ED815283-72AD-4357-8952-FD20D86D554E}
	EndGlobalSection
EndGlobal
